
Microsoft Visual Studio Solution File, Format Version 12.00
# Visual Studio Version 17
VisualStudioVersion = 17.1.32319.34
MinimumVisualStudioVersion = 10.0.40219.1
Project("{FAE04EC0-301F-11D3-BF4B-00C04F79EFBC}") = "CineAPP", "..\source\repos\CineAPP\CineAPP.csproj", "{17872E1D-9D47-42B8-815F-9F41528346A0}"
EndProject
Global
	GlobalSection(SolutionConfigurationPlatforms) = preSolution
		Debug|Any CPU = Debug|Any CPU
		Release|Any CPU = Release|Any CPU
	EndGlobalSection
	GlobalSection(ProjectConfigurationPlatforms) = postSolution
		{17872E1D-9D47-42B8-815F-9F41528346A0}.Debug|Any CPU.ActiveCfg = Debug|Any CPU
		{17872E1D-9D47-42B8-815F-9F41528346A0}.Debug|Any CPU.Build.0 = Debug|Any CPU
		{17872E1D-9D47-42B8-815F-9F41528346A0}.Release|Any CPU.ActiveCfg = Release|Any CPU
		{17872E1D-9D47-42B8-815F-9F41528346A0}.Release|Any CPU.Build.0 = Release|Any CPU
	EndGlobalSection
	GlobalSection(SolutionProperties) = preSolution
		HideSolutionNode = FALSE
	EndGlobalSection
	GlobalSection(ExtensibilityGlobals) = postSolution
		SolutionGuid = {EEDD8753-FDA4-4FAE-8D14-63F5A3FA3474}
	EndGlobalSection
EndGlobal
